
Microsoft Visual Studio Solution File, Format Version 12.00
# Visual Studio 15
VisualStudioVersion = 15.0.28010.2026
MinimumVisualStudioVersion = 10.0.40219.1
Project("{FAE04EC0-301F-11D3-BF4B-00C04F79EFBC}") = "BiroBank", "BiroBank\BiroBank.csproj", "{69FA5373-AA1E-4D88-9695-4F0034F922D7}"
EndProject
Global
	GlobalSection(SolutionConfigurationPlatforms) = preSolution
		Debug|Any CPU = Debug|Any CPU
		Release|Any CPU = Release|Any CPU
	EndGlobalSection
	GlobalSection(ProjectConfigurationPlatforms) = postSolution
		{69FA5373-AA1E-4D88-9695-4F0034F922D7}.Debug|Any CPU.ActiveCfg = Debug|Any CPU
		{69FA5373-AA1E-4D88-9695-4F0034F922D7}.Debug|Any CPU.Build.0 = Debug|Any CPU
		{69FA5373-AA1E-4D88-9695-4F0034F922D7}.Release|Any CPU.ActiveCfg = Release|Any CPU
		{69FA5373-AA1E-4D88-9695-4F0034F922D7}.Release|Any CPU.Build.0 = Release|Any CPU
	EndGlobalSection
	GlobalSection(SolutionProperties) = preSolution
		HideSolutionNode = FALSE
	EndGlobalSection
	GlobalSection(ExtensibilityGlobals) = postSolution
		SolutionGuid = {B3DA8212-1480-46B4-8371-A3A0BB77EA44}
	EndGlobalSection
EndGlobal
